
Microsoft Visual Studio Solution File, Format Version 12.00
# Visual Studio Version 16
VisualStudioVersion = 16.0.34407.143
MinimumVisualStudioVersion = 10.0.40219.1
Project("{FAE04EC0-301F-11D3-BF4B-00C04F79EFBC}") = "Lab11", "Lab11\Lab11.csproj", "{718E2BE4-18BC-445F-A310-F883331DE0EC}"
EndProject
Global
	GlobalSection(SolutionConfigurationPlatforms) = preSolution
		Debug|Any CPU = Debug|Any CPU
		Release|Any CPU = Release|Any CPU
	EndGlobalSection
	GlobalSection(ProjectConfigurationPlatforms) = postSolution
		{718E2BE4-18BC-445F-A310-F883331DE0EC}.Debug|Any CPU.ActiveCfg = Debug|Any CPU
		{718E2BE4-18BC-445F-A310-F883331DE0EC}.Debug|Any CPU.Build.0 = Debug|Any CPU
		{718E2BE4-18BC-445F-A310-F883331DE0EC}.Release|Any CPU.ActiveCfg = Release|Any CPU
		{718E2BE4-18BC-445F-A310-F883331DE0EC}.Release|Any CPU.Build.0 = Release|Any CPU
	EndGlobalSection
	GlobalSection(SolutionProperties) = preSolution
		HideSolutionNode = FALSE
	EndGlobalSection
	GlobalSection(ExtensibilityGlobals) = postSolution
		SolutionGuid = {CE9B0978-1AC9-4991-862F-4756AB3625DC}
	EndGlobalSection
EndGlobal
